
Microsoft Visual Studio Solution File, Format Version 12.00
Project("{FAE04EC0-301F-11D3-BF4B-00C04F79EFBC}") = "DownloadRaceRotserPhotoes", "DownloadRaceRotserPhotoes\DownloadRaceRotserPhotoes.csproj", "{CCF47592-A95D-4695-8B92-0086F73D1D4A}"
EndProject
Global
	GlobalSection(SolutionConfigurationPlatforms) = preSolution
		Debug|Any CPU = Debug|Any CPU
		Release|Any CPU = Release|Any CPU
	EndGlobalSection
	GlobalSection(ProjectConfigurationPlatforms) = postSolution
		{CCF47592-A95D-4695-8B92-0086F73D1D4A}.Debug|Any CPU.ActiveCfg = Debug|Any CPU
		{CCF47592-A95D-4695-8B92-0086F73D1D4A}.Debug|Any CPU.Build.0 = Debug|Any CPU
		{CCF47592-A95D-4695-8B92-0086F73D1D4A}.Release|Any CPU.ActiveCfg = Release|Any CPU
		{CCF47592-A95D-4695-8B92-0086F73D1D4A}.Release|Any CPU.Build.0 = Release|Any CPU
	EndGlobalSection
EndGlobal
